
Microsoft Visual Studio Solution File, Format Version 12.00
# Visual Studio Version 17
VisualStudioVersion = 17.5.002.0
MinimumVisualStudioVersion = 10.0.40219.1
Project("{9A19103F-16F7-4668-BE54-9A1E7A4F7556}") = "market_management_system.market_management_system", "market_management_system\market_management_system.csproj", "{A5D8C561-4598-49C6-A9EF-7BE546A006C1}"
EndProject
Project("{9A19103F-16F7-4668-BE54-9A1E7A4F7556}") = "CoreBusiness", "CoreBusiness\CoreBusiness.csproj", "{42450A5C-5606-444B-BBD8-2CADAC0D4D06}"
EndProject
Project("{9A19103F-16F7-4668-BE54-9A1E7A4F7556}") = "UseCases", "UseCases\UseCases.csproj", "{331BE6E0-7EE6-4148-BF73-979AD95E7C2B}"
EndProject
Project("{2150E333-8FDC-42A3-9474-1A3956D46DE8}") = "Plugins", "Plugins", "{210C13A2-0696-4A3D-A9AD-DDC62D9E4ABA}"
EndProject
Project("{FAE04EC0-301F-11D3-BF4B-00C04F79EFBC}") = "market_management_system.Plugins.DataStore.InMemory", "Plugins\Plugins.DataStore.InMemory\Plugins.DataStore.InMemory.csproj", "{9FCCE712-2E51-46FE-B7D8-723C2AA6FD55}"
EndProject
Project("{FAE04EC0-301F-11D3-BF4B-00C04F79EFBC}") = "Plugins.DataStore.SQL", "Plugins\Plugins.DataStore.SQL\Plugins.DataStore.SQL.csproj", "{1E58FE5A-7F47-4300-8BD5-2903CC9FC810}"
EndProject
Global
	GlobalSection(SolutionConfigurationPlatforms) = preSolution
		Debug|Any CPU = Debug|Any CPU
		Release|Any CPU = Release|Any CPU
	EndGlobalSection
	GlobalSection(ProjectConfigurationPlatforms) = postSolution
		{A5D8C561-4598-49C6-A9EF-7BE546A006C1}.Debug|Any CPU.ActiveCfg = Debug|Any CPU
		{A5D8C561-4598-49C6-A9EF-7BE546A006C1}.Debug|Any CPU.Build.0 = Debug|Any CPU
		{A5D8C561-4598-49C6-A9EF-7BE546A006C1}.Release|Any CPU.ActiveCfg = Release|Any CPU
		{A5D8C561-4598-49C6-A9EF-7BE546A006C1}.Release|Any CPU.Build.0 = Release|Any CPU
		{42450A5C-5606-444B-BBD8-2CADAC0D4D06}.Debug|Any CPU.ActiveCfg = Debug|Any CPU
		{42450A5C-5606-444B-BBD8-2CADAC0D4D06}.Debug|Any CPU.Build.0 = Debug|Any CPU
		{42450A5C-5606-444B-BBD8-2CADAC0D4D06}.Release|Any CPU.ActiveCfg = Release|Any CPU
		{42450A5C-5606-444B-BBD8-2CADAC0D4D06}.Release|Any CPU.Build.0 = Release|Any CPU
		{331BE6E0-7EE6-4148-BF73-979AD95E7C2B}.Debug|Any CPU.ActiveCfg = Debug|Any CPU
		{331BE6E0-7EE6-4148-BF73-979AD95E7C2B}.Debug|Any CPU.Build.0 = Debug|Any CPU
		{331BE6E0-7EE6-4148-BF73-979AD95E7C2B}.Release|Any CPU.ActiveCfg = Release|Any CPU
		{331BE6E0-7EE6-4148-BF73-979AD95E7C2B}.Release|Any CPU.Build.0 = Release|Any CPU
		{9FCCE712-2E51-46FE-B7D8-723C2AA6FD55}.Debug|Any CPU.ActiveCfg = Debug|Any CPU
		{9FCCE712-2E51-46FE-B7D8-723C2AA6FD55}.Debug|Any CPU.Build.0 = Debug|Any CPU
		{9FCCE712-2E51-46FE-B7D8-723C2AA6FD55}.Release|Any CPU.ActiveCfg = Release|Any CPU
		{9FCCE712-2E51-46FE-B7D8-723C2AA6FD55}.Release|Any CPU.Build.0 = Release|Any CPU
		{1E58FE5A-7F47-4300-8BD5-2903CC9FC810}.Debug|Any CPU.ActiveCfg = Debug|Any CPU
		{1E58FE5A-7F47-4300-8BD5-2903CC9FC810}.Debug|Any CPU.Build.0 = Debug|Any CPU
		{1E58FE5A-7F47-4300-8BD5-2903CC9FC810}.Release|Any CPU.ActiveCfg = Release|Any CPU
		{1E58FE5A-7F47-4300-8BD5-2903CC9FC810}.Release|Any CPU.Build.0 = Release|Any CPU
	EndGlobalSection
	GlobalSection(SolutionProperties) = preSolution
		HideSolutionNode = FALSE
	EndGlobalSection
	GlobalSection(NestedProjects) = preSolution
		{9FCCE712-2E51-46FE-B7D8-723C2AA6FD55} = {210C13A2-0696-4A3D-A9AD-DDC62D9E4ABA}
		{1E58FE5A-7F47-4300-8BD5-2903CC9FC810} = {210C13A2-0696-4A3D-A9AD-DDC62D9E4ABA}
	EndGlobalSection
	GlobalSection(ExtensibilityGlobals) = postSolution
		SolutionGuid = {47E9A132-C461-42E5-8FEC-4965DEF262C8}
	EndGlobalSection
EndGlobal
